
Microsoft Visual Studio Solution File, Format Version 12.00
# Visual Studio 15
VisualStudioVersion = 15.0.28307.1062
MinimumVisualStudioVersion = 10.0.40219.1
Project("{8BC9CEB8-8B4A-11D0-8D11-00A0C91BC942}") = "data_structure_week4", "data_structure_week4.vcxproj", "{DDC83C05-E885-4678-8BCE-5A0D586DC724}"
EndProject
Global
	GlobalSection(SolutionConfigurationPlatforms) = preSolution
		Debug|x64 = Debug|x64
		Debug|x86 = Debug|x86
		Release|x64 = Release|x64
		Release|x86 = Release|x86
	EndGlobalSection
	GlobalSection(ProjectConfigurationPlatforms) = postSolution
		{DDC83C05-E885-4678-8BCE-5A0D586DC724}.Debug|x64.ActiveCfg = Debug|x64
		{DDC83C05-E885-4678-8BCE-5A0D586DC724}.Debug|x64.Build.0 = Debug|x64
		{DDC83C05-E885-4678-8BCE-5A0D586DC724}.Debug|x86.ActiveCfg = Debug|Win32
		{DDC83C05-E885-4678-8BCE-5A0D586DC724}.Debug|x86.Build.0 = Debug|Win32
		{DDC83C05-E885-4678-8BCE-5A0D586DC724}.Release|x64.ActiveCfg = Release|x64
		{DDC83C05-E885-4678-8BCE-5A0D586DC724}.Release|x64.Build.0 = Release|x64
		{DDC83C05-E885-4678-8BCE-5A0D586DC724}.Release|x86.ActiveCfg = Release|Win32
		{DDC83C05-E885-4678-8BCE-5A0D586DC724}.Release|x86.Build.0 = Release|Win32
	EndGlobalSection
	GlobalSection(SolutionProperties) = preSolution
		HideSolutionNode = FALSE
	EndGlobalSection
	GlobalSection(ExtensibilityGlobals) = postSolution
		SolutionGuid = {76D7117B-45E9-4AAE-AAF2-F894CED72EA0}
	EndGlobalSection
EndGlobal
